
Microsoft Visual Studio Solution File, Format Version 12.00
# Visual Studio 15
VisualStudioVersion = 15.0.28010.2041
MinimumVisualStudioVersion = 10.0.40219.1
Project("{8BC9CEB8-8B4A-11D0-8D11-00A0C91BC942}") = "ex02_20", "ex02_20\ex02_20.vcxproj", "{AC264A3D-04B3-4240-8E61-A030E5956B55}"
EndProject
Global
	GlobalSection(SolutionConfigurationPlatforms) = preSolution
		Debug|x64 = Debug|x64
		Debug|x86 = Debug|x86
		Release|x64 = Release|x64
		Release|x86 = Release|x86
	EndGlobalSection
	GlobalSection(ProjectConfigurationPlatforms) = postSolution
		{AC264A3D-04B3-4240-8E61-A030E5956B55}.Debug|x64.ActiveCfg = Debug|x64
		{AC264A3D-04B3-4240-8E61-A030E5956B55}.Debug|x64.Build.0 = Debug|x64
		{AC264A3D-04B3-4240-8E61-A030E5956B55}.Debug|x86.ActiveCfg = Debug|Win32
		{AC264A3D-04B3-4240-8E61-A030E5956B55}.Debug|x86.Build.0 = Debug|Win32
		{AC264A3D-04B3-4240-8E61-A030E5956B55}.Release|x64.ActiveCfg = Release|x64
		{AC264A3D-04B3-4240-8E61-A030E5956B55}.Release|x64.Build.0 = Release|x64
		{AC264A3D-04B3-4240-8E61-A030E5956B55}.Release|x86.ActiveCfg = Release|Win32
		{AC264A3D-04B3-4240-8E61-A030E5956B55}.Release|x86.Build.0 = Release|Win32
	EndGlobalSection
	GlobalSection(SolutionProperties) = preSolution
		HideSolutionNode = FALSE
	EndGlobalSection
	GlobalSection(ExtensibilityGlobals) = postSolution
		SolutionGuid = {AA3BBD65-9F64-42C7-B165-3492080F0D16}
	EndGlobalSection
EndGlobal
